
Microsoft Visual Studio Solution File, Format Version 12.00
# Visual Studio Version 17
VisualStudioVersion = 17.7.34202.233
MinimumVisualStudioVersion = 10.0.40219.1
Project("{FAE04EC0-301F-11D3-BF4B-00C04F79EFBC}") = "MVC_DOAN", "MVC_DOAN\MVC_DOAN.csproj", "{0723B634-27BD-4391-A610-5610E426C751}"
EndProject
Global
	GlobalSection(SolutionConfigurationPlatforms) = preSolution
		Debug|Any CPU = Debug|Any CPU
		Release|Any CPU = Release|Any CPU
	EndGlobalSection
	GlobalSection(ProjectConfigurationPlatforms) = postSolution
		{0723B634-27BD-4391-A610-5610E426C751}.Debug|Any CPU.ActiveCfg = Debug|Any CPU
		{0723B634-27BD-4391-A610-5610E426C751}.Debug|Any CPU.Build.0 = Debug|Any CPU
		{0723B634-27BD-4391-A610-5610E426C751}.Release|Any CPU.ActiveCfg = Release|Any CPU
		{0723B634-27BD-4391-A610-5610E426C751}.Release|Any CPU.Build.0 = Release|Any CPU
	EndGlobalSection
	GlobalSection(SolutionProperties) = preSolution
		HideSolutionNode = FALSE
	EndGlobalSection
	GlobalSection(ExtensibilityGlobals) = postSolution
		SolutionGuid = {E92B48BC-9C7C-4309-9FC8-BE6D2A176899}
	EndGlobalSection
EndGlobal
